
Microsoft Visual Studio Solution File, Format Version 12.00
# Visual Studio 15
VisualStudioVersion = 15.0.27004.2009
MinimumVisualStudioVersion = 10.0.40219.1
Project("{FAE04EC0-301F-11D3-BF4B-00C04F79EFBC}") = "RaytracedBlendMaterial", "RaytracedBlendMaterial\RaytracedBlendMaterial.csproj", "{3D4C6802-CC84-4E73-82E7-86EC6ECFBBC8}"
EndProject
Global
	GlobalSection(SolutionConfigurationPlatforms) = preSolution
		Debug|Any CPU = Debug|Any CPU
		Release|Any CPU = Release|Any CPU
	EndGlobalSection
	GlobalSection(ProjectConfigurationPlatforms) = postSolution
		{3D4C6802-CC84-4E73-82E7-86EC6ECFBBC8}.Debug|Any CPU.ActiveCfg = Debug|Any CPU
		{3D4C6802-CC84-4E73-82E7-86EC6ECFBBC8}.Debug|Any CPU.Build.0 = Debug|Any CPU
		{3D4C6802-CC84-4E73-82E7-86EC6ECFBBC8}.Release|Any CPU.ActiveCfg = Release|Any CPU
		{3D4C6802-CC84-4E73-82E7-86EC6ECFBBC8}.Release|Any CPU.Build.0 = Release|Any CPU
	EndGlobalSection
	GlobalSection(SolutionProperties) = preSolution
		HideSolutionNode = FALSE
	EndGlobalSection
	GlobalSection(ExtensibilityGlobals) = postSolution
		SolutionGuid = {FF9D79A6-5F98-4BF3-8CA0-6DE8B7AB9549}
	EndGlobalSection
EndGlobal
