
Microsoft Visual Studio Solution File, Format Version 12.00
# Visual Studio 15
VisualStudioVersion = 15.0.27004.2009
MinimumVisualStudioVersion = 10.0.40219.1
Project("{FAE04EC0-301F-11D3-BF4B-00C04F79EFBC}") = "RaytracedBlendMaterial", "RaytracedBlendMaterial\RaytracedBlendMaterial.csproj", "{3D4C6802-CC84-4E73-82E7-86EC6ECFBBC8}"
EndProject
Project("{2150E333-8FDC-42A3-9474-1A3956D46DE8}") = "Solution Items", "Solution Items", "{151265D3-B9E0-4694-A173-0E98184C7737}"
	ProjectSection(SolutionItems) = preProject
		Directory.Build.props = Directory.Build.props
	EndProjectSection
EndProject
Global
	GlobalSection(SolutionConfigurationPlatforms) = preSolution
		Debug|AnyCPU = Debug|AnyCPU
		DEV Debug|AnyCPU = DEV Debug|AnyCPU
		DEV Release|AnyCPU = DEV Release|AnyCPU
		Release|AnyCPU = Release|AnyCPU
	EndGlobalSection
	GlobalSection(ProjectConfigurationPlatforms) = postSolution
		{3D4C6802-CC84-4E73-82E7-86EC6ECFBBC8}.Debug|AnyCPU.ActiveCfg = Debug|AnyCPU
		{3D4C6802-CC84-4E73-82E7-86EC6ECFBBC8}.Debug|AnyCPU.Build.0 = Debug|AnyCPU
		{3D4C6802-CC84-4E73-82E7-86EC6ECFBBC8}.DEV Debug|AnyCPU.ActiveCfg = DEV Debug|AnyCPU
		{3D4C6802-CC84-4E73-82E7-86EC6ECFBBC8}.DEV Debug|AnyCPU.Build.0 = DEV Debug|AnyCPU
		{3D4C6802-CC84-4E73-82E7-86EC6ECFBBC8}.DEV Release|AnyCPU.ActiveCfg = DEV Release|AnyCPU
		{3D4C6802-CC84-4E73-82E7-86EC6ECFBBC8}.DEV Release|AnyCPU.Build.0 = DEV Release|AnyCPU
		{3D4C6802-CC84-4E73-82E7-86EC6ECFBBC8}.Release|AnyCPU.ActiveCfg = Release|AnyCPU
		{3D4C6802-CC84-4E73-82E7-86EC6ECFBBC8}.Release|AnyCPU.Build.0 = Release|AnyCPU
	EndGlobalSection
	GlobalSection(SolutionProperties) = preSolution
		HideSolutionNode = FALSE
	EndGlobalSection
	GlobalSection(ExtensibilityGlobals) = postSolution
		SolutionGuid = {FF9D79A6-5F98-4BF3-8CA0-6DE8B7AB9549}
	EndGlobalSection
EndGlobal
